
Microsoft Visual Studio Solution File, Format Version 12.00
# Visual Studio Version 17
VisualStudioVersion = 17.7.34031.279
MinimumVisualStudioVersion = 10.0.40219.1
Project("{9A19103F-16F7-4668-BE54-9A1E7A4F7556}") = "ElenaMartiniKreationen.DataAccess", "ElenaMartiniKreationen.DataAccess\ElenaMartiniKreationen.DataAccess.csproj", "{D7594E74-A79B-4F28-860D-002DD34449A6}"
EndProject
Project("{9A19103F-16F7-4668-BE54-9A1E7A4F7556}") = "ElenaMartiniKreationen.Entities", "ElenaMartiniKreationen.Entities\ElenaMartiniKreationen.Entities.csproj", "{5AE149A6-E061-4471-B84B-B83150332C60}"
EndProject
Project("{9A19103F-16F7-4668-BE54-9A1E7A4F7556}") = "ElenaMartiniKreationen.Repositories", "ElenaMartiniKreationen.Repositories\ElenaMartiniKreationen.Repositories.csproj", "{0D22EB6D-D5C8-43CB-AD6C-C393B889B7DB}"
EndProject
Project("{9A19103F-16F7-4668-BE54-9A1E7A4F7556}") = "ElenaMartiniKreationen.Server", "ElenaMartiniKreationen.Server\ElenaMartiniKreationen.Server.csproj", "{D957E939-0720-4F70-9570-317028088BF0}"
EndProject
Global
	GlobalSection(SolutionConfigurationPlatforms) = preSolution
		Debug|Any CPU = Debug|Any CPU
		Release|Any CPU = Release|Any CPU
	EndGlobalSection
	GlobalSection(ProjectConfigurationPlatforms) = postSolution
		{D7594E74-A79B-4F28-860D-002DD34449A6}.Debug|Any CPU.ActiveCfg = Debug|Any CPU
		{D7594E74-A79B-4F28-860D-002DD34449A6}.Debug|Any CPU.Build.0 = Debug|Any CPU
		{D7594E74-A79B-4F28-860D-002DD34449A6}.Release|Any CPU.ActiveCfg = Release|Any CPU
		{D7594E74-A79B-4F28-860D-002DD34449A6}.Release|Any CPU.Build.0 = Release|Any CPU
		{5AE149A6-E061-4471-B84B-B83150332C60}.Debug|Any CPU.ActiveCfg = Debug|Any CPU
		{5AE149A6-E061-4471-B84B-B83150332C60}.Debug|Any CPU.Build.0 = Debug|Any CPU
		{5AE149A6-E061-4471-B84B-B83150332C60}.Release|Any CPU.ActiveCfg = Release|Any CPU
		{5AE149A6-E061-4471-B84B-B83150332C60}.Release|Any CPU.Build.0 = Release|Any CPU
		{0D22EB6D-D5C8-43CB-AD6C-C393B889B7DB}.Debug|Any CPU.ActiveCfg = Debug|Any CPU
		{0D22EB6D-D5C8-43CB-AD6C-C393B889B7DB}.Debug|Any CPU.Build.0 = Debug|Any CPU
		{0D22EB6D-D5C8-43CB-AD6C-C393B889B7DB}.Release|Any CPU.ActiveCfg = Release|Any CPU
		{0D22EB6D-D5C8-43CB-AD6C-C393B889B7DB}.Release|Any CPU.Build.0 = Release|Any CPU
		{D957E939-0720-4F70-9570-317028088BF0}.Debug|Any CPU.ActiveCfg = Debug|Any CPU
		{D957E939-0720-4F70-9570-317028088BF0}.Debug|Any CPU.Build.0 = Debug|Any CPU
		{D957E939-0720-4F70-9570-317028088BF0}.Release|Any CPU.ActiveCfg = Release|Any CPU
		{D957E939-0720-4F70-9570-317028088BF0}.Release|Any CPU.Build.0 = Release|Any CPU
	EndGlobalSection
	GlobalSection(SolutionProperties) = preSolution
		HideSolutionNode = FALSE
	EndGlobalSection
	GlobalSection(ExtensibilityGlobals) = postSolution
		SolutionGuid = {D9FD2652-7CBE-4340-84CC-4D02AAF93F41}
	EndGlobalSection
EndGlobal
